
Microsoft Visual Studio Solution File, Format Version 12.00
# Visual Studio Version 17
VisualStudioVersion = 17.0.31903.59
MinimumVisualStudioVersion = 10.0.40219.1
Project("{FAE04EC0-301F-11D3-BF4B-00C04F79EFBC}") = "Hawk.WebApi", "Hawk.WebApi\Hawk.WebApi.csproj", "{9F51E689-266F-4000-9004-A6E692674CFA}"
EndProject
Project("{FAE04EC0-301F-11D3-BF4B-00C04F79EFBC}") = "Hawk.Persistence", "Hawk.Persistence\Hawk.Persistence.csproj", "{1B2BA2F2-CFED-4F57-9F20-5B1EACD18321}"
EndProject
Project("{FAE04EC0-301F-11D3-BF4B-00C04F79EFBC}") = "Hawk.Infrastructure", "Hawk.Infrastructure\Hawk.Infrastructure.csproj", "{316178C1-7901-4EE2-820B-BC28B661F4B2}"
EndProject
Project("{FAE04EC0-301F-11D3-BF4B-00C04F79EFBC}") = "Hawk.Application", "Hawk.Application\Hawk.Application.csproj", "{39C0D395-C3A5-4F54-A29C-1A1B69F71A22}"
EndProject
Project("{FAE04EC0-301F-11D3-BF4B-00C04F79EFBC}") = "Hawk.Domain", "Hawk.Domain\Hawk.Domain.csproj", "{ECFBF5A1-FE04-4790-A51A-4F20F2B8000E}"
EndProject
Global
	GlobalSection(SolutionConfigurationPlatforms) = preSolution
		Debug|Any CPU = Debug|Any CPU
		Release|Any CPU = Release|Any CPU
	EndGlobalSection
	GlobalSection(SolutionProperties) = preSolution
		HideSolutionNode = FALSE
	EndGlobalSection
	GlobalSection(ProjectConfigurationPlatforms) = postSolution
		{9F51E689-266F-4000-9004-A6E692674CFA}.Debug|Any CPU.ActiveCfg = Debug|Any CPU
		{9F51E689-266F-4000-9004-A6E692674CFA}.Debug|Any CPU.Build.0 = Debug|Any CPU
		{9F51E689-266F-4000-9004-A6E692674CFA}.Release|Any CPU.ActiveCfg = Release|Any CPU
		{9F51E689-266F-4000-9004-A6E692674CFA}.Release|Any CPU.Build.0 = Release|Any CPU
		{1B2BA2F2-CFED-4F57-9F20-5B1EACD18321}.Debug|Any CPU.ActiveCfg = Debug|Any CPU
		{1B2BA2F2-CFED-4F57-9F20-5B1EACD18321}.Debug|Any CPU.Build.0 = Debug|Any CPU
		{1B2BA2F2-CFED-4F57-9F20-5B1EACD18321}.Release|Any CPU.ActiveCfg = Release|Any CPU
		{1B2BA2F2-CFED-4F57-9F20-5B1EACD18321}.Release|Any CPU.Build.0 = Release|Any CPU
		{316178C1-7901-4EE2-820B-BC28B661F4B2}.Debug|Any CPU.ActiveCfg = Debug|Any CPU
		{316178C1-7901-4EE2-820B-BC28B661F4B2}.Debug|Any CPU.Build.0 = Debug|Any CPU
		{316178C1-7901-4EE2-820B-BC28B661F4B2}.Release|Any CPU.ActiveCfg = Release|Any CPU
		{316178C1-7901-4EE2-820B-BC28B661F4B2}.Release|Any CPU.Build.0 = Release|Any CPU
		{39C0D395-C3A5-4F54-A29C-1A1B69F71A22}.Debug|Any CPU.ActiveCfg = Debug|Any CPU
		{39C0D395-C3A5-4F54-A29C-1A1B69F71A22}.Debug|Any CPU.Build.0 = Debug|Any CPU
		{39C0D395-C3A5-4F54-A29C-1A1B69F71A22}.Release|Any CPU.ActiveCfg = Release|Any CPU
		{39C0D395-C3A5-4F54-A29C-1A1B69F71A22}.Release|Any CPU.Build.0 = Release|Any CPU
		{ECFBF5A1-FE04-4790-A51A-4F20F2B8000E}.Debug|Any CPU.ActiveCfg = Debug|Any CPU
		{ECFBF5A1-FE04-4790-A51A-4F20F2B8000E}.Debug|Any CPU.Build.0 = Debug|Any CPU
		{ECFBF5A1-FE04-4790-A51A-4F20F2B8000E}.Release|Any CPU.ActiveCfg = Release|Any CPU
		{ECFBF5A1-FE04-4790-A51A-4F20F2B8000E}.Release|Any CPU.Build.0 = Release|Any CPU
	EndGlobalSection
EndGlobal
